Microsoft Visual Studio Solution File, Format Version 12.00
# Visual Studio Version 17
VisualStudioVersion = 17.5.33530.505
MinimumVisualStudioVersion = 10.0.40219.1
Project("{FAE04EC0-301F-11D3-BF4B-00C04F79EFBC}") = "MovieStreamTemplate.Android", "MovieStreamTemplate.Android\MovieStreamTemplate.Android.csproj", "{387154AD-A868-4429-960F-2D8ABE883BAC}"
EndProject
Project("{FAE04EC0-301F-11D3-BF4B-00C04F79EFBC}") = "MovieStreamTemplate.iOS", "MovieStreamTemplate.iOS\MovieStreamTemplate.iOS.csproj", "{44A85764-841D-4D20-B895-0761684D9378}"
EndProject
Project("{9A19103F-16F7-4668-BE54-9A1E7A4F7556}") = "MovieStreamTemplate", "MovieStreamTemplate\MovieStreamTemplate.csproj", "{0C17EC14-7C35-4CCA-8215-AC1EF6478683}"
EndProject
Global
	GlobalSection(SolutionConfigurationPlatforms) = preSolution
		Debug|Any CPU = Debug|Any CPU
		Debug|iPhone = Debug|iPhone
		Debug|iPhoneSimulator = Debug|iPhoneSimulator
		Release|Any CPU = Release|Any CPU
		Release|iPhone = Release|iPhone
		Release|iPhoneSimulator = Release|iPhoneSimulator
	EndGlobalSection
	GlobalSection(ProjectConfigurationPlatforms) = postSolution
		{387154AD-A868-4429-960F-2D8ABE883BAC}.Debug|Any CPU.ActiveCfg = Debug|Any CPU
		{387154AD-A868-4429-960F-2D8ABE883BAC}.Debug|Any CPU.Build.0 = Debug|Any CPU
		{387154AD-A868-4429-960F-2D8ABE883BAC}.Debug|Any CPU.Deploy.0 = Debug|Any CPU
		{387154AD-A868-4429-960F-2D8ABE883BAC}.Debug|iPhone.ActiveCfg = Debug|Any CPU
		{387154AD-A868-4429-960F-2D8ABE883BAC}.Debug|iPhone.Build.0 = Debug|Any CPU
		{387154AD-A868-4429-960F-2D8ABE883BAC}.Debug|iPhoneSimulator.ActiveCfg = Debug|Any CPU
		{387154AD-A868-4429-960F-2D8ABE883BAC}.Debug|iPhoneSimulator.Build.0 = Debug|Any CPU
		{387154AD-A868-4429-960F-2D8ABE883BAC}.Release|Any CPU.ActiveCfg = Release|Any CPU
		{387154AD-A868-4429-960F-2D8ABE883BAC}.Release|Any CPU.Build.0 = Release|Any CPU
		{387154AD-A868-4429-960F-2D8ABE883BAC}.Release|iPhone.ActiveCfg = Release|Any CPU
		{387154AD-A868-4429-960F-2D8ABE883BAC}.Release|iPhone.Build.0 = Release|Any CPU
		{387154AD-A868-4429-960F-2D8ABE883BAC}.Release|iPhoneSimulator.ActiveCfg = Release|Any CPU
		{387154AD-A868-4429-960F-2D8ABE883BAC}.Release|iPhoneSimulator.Build.0 = Release|Any CPU
		{44A85764-841D-4D20-B895-0761684D9378}.Debug|Any CPU.ActiveCfg = Debug|iPhoneSimulator
		{44A85764-841D-4D20-B895-0761684D9378}.Debug|Any CPU.Build.0 = Debug|iPhoneSimulator
		{44A85764-841D-4D20-B895-0761684D9378}.Debug|iPhone.ActiveCfg = Debug|iPhone
		{44A85764-841D-4D20-B895-0761684D9378}.Debug|iPhone.Build.0 = Debug|iPhone
		{44A85764-841D-4D20-B895-0761684D9378}.Debug|iPhoneSimulator.ActiveCfg = Debug|iPhoneSimulator
		{44A85764-841D-4D20-B895-0761684D9378}.Debug|iPhoneSimulator.Build.0 = Debug|iPhoneSimulator
		{44A85764-841D-4D20-B895-0761684D9378}.Release|Any CPU.ActiveCfg = Release|iPhoneSimulator
		{44A85764-841D-4D20-B895-0761684D9378}.Release|Any CPU.Build.0 = Release|iPhoneSimulator
		{44A85764-841D-4D20-B895-0761684D9378}.Release|iPhone.ActiveCfg = Release|iPhone
		{44A85764-841D-4D20-B895-0761684D9378}.Release|iPhone.Build.0 = Release|iPhone
		{44A85764-841D-4D20-B895-0761684D9378}.Release|iPhoneSimulator.ActiveCfg = Release|iPhoneSimulator
		{44A85764-841D-4D20-B895-0761684D9378}.Release|iPhoneSimulator.Build.0 = Release|iPhoneSimulator
		{0C17EC14-7C35-4CCA-8215-AC1EF6478683}.Debug|Any CPU.ActiveCfg = Debug|Any CPU
		{0C17EC14-7C35-4CCA-8215-AC1EF6478683}.Debug|Any CPU.Build.0 = Debug|Any CPU
		{0C17EC14-7C35-4CCA-8215-AC1EF6478683}.Debug|iPhone.ActiveCfg = Debug|Any CPU
		{0C17EC14-7C35-4CCA-8215-AC1EF6478683}.Debug|iPhone.Build.0 = Debug|Any CPU
		{0C17EC14-7C35-4CCA-8215-AC1EF6478683}.Debug|iPhoneSimulator.ActiveCfg = Debug|Any CPU
		{0C17EC14-7C35-4CCA-8215-AC1EF6478683}.Debug|iPhoneSimulator.Build.0 = Debug|Any CPU
		{0C17EC14-7C35-4CCA-8215-AC1EF6478683}.Release|Any CPU.ActiveCfg = Release|Any CPU
		{0C17EC14-7C35-4CCA-8215-AC1EF6478683}.Release|Any CPU.Build.0 = Release|Any CPU
		{0C17EC14-7C35-4CCA-8215-AC1EF6478683}.Release|iPhone.ActiveCfg = Release|Any CPU
		{0C17EC14-7C35-4CCA-8215-AC1EF6478683}.Release|iPhone.Build.0 = Release|Any CPU
		{0C17EC14-7C35-4CCA-8215-AC1EF6478683}.Release|iPhoneSimulator.ActiveCfg = Release|Any CPU
		{0C17EC14-7C35-4CCA-8215-AC1EF6478683}.Release|iPhoneSimulator.Build.0 = Release|Any CPU
	EndGlobalSection
	GlobalSection(SolutionProperties) = preSolution
		HideSolutionNode = FALSE
	EndGlobalSection
	GlobalSection(ExtensibilityGlobals) = postSolution
		SolutionGuid = {8ED48C9D-A1BE-48D7-915F-876ED4C19CB5}
	EndGlobalSection
EndGlobal
